
Microsoft Visual Studio Solution File, Format Version 12.00
# Visual Studio Version 17
VisualStudioVersion = 17.8.34408.163
MinimumVisualStudioVersion = 10.0.40219.1
Project("{FAE04EC0-301F-11D3-BF4B-00C04F79EFBC}") = "AI", "QLearning\AI.csproj", "{DEA3E5CA-30F3-4183-BFE9-E94B5419C6EB}"
EndProject
Project("{FAE04EC0-301F-11D3-BF4B-00C04F79EFBC}") = "TreasureHunt", "TreasureHunt\TreasureHunt.csproj", "{0468738F-8999-4CC0-8862-9DD948B96BE2}"
EndProject
Project("{FAE04EC0-301F-11D3-BF4B-00C04F79EFBC}") = "TicTacToe", "TicTacToe\TicTacToe.csproj", "{A533EFC7-B785-4687-B12E-75E7FE343F78}"
EndProject
Global
	GlobalSection(SolutionConfigurationPlatforms) = preSolution
		Debug|Any CPU = Debug|Any CPU
		Release|Any CPU = Release|Any CPU
	EndGlobalSection
	GlobalSection(ProjectConfigurationPlatforms) = postSolution
		{DEA3E5CA-30F3-4183-BFE9-E94B5419C6EB}.Debug|Any CPU.ActiveCfg = Debug|Any CPU
		{DEA3E5CA-30F3-4183-BFE9-E94B5419C6EB}.Debug|Any CPU.Build.0 = Debug|Any CPU
		{DEA3E5CA-30F3-4183-BFE9-E94B5419C6EB}.Release|Any CPU.ActiveCfg = Release|Any CPU
		{DEA3E5CA-30F3-4183-BFE9-E94B5419C6EB}.Release|Any CPU.Build.0 = Release|Any CPU
		{0468738F-8999-4CC0-8862-9DD948B96BE2}.Debug|Any CPU.ActiveCfg = Debug|Any CPU
		{0468738F-8999-4CC0-8862-9DD948B96BE2}.Debug|Any CPU.Build.0 = Debug|Any CPU
		{0468738F-8999-4CC0-8862-9DD948B96BE2}.Release|Any CPU.ActiveCfg = Release|Any CPU
		{0468738F-8999-4CC0-8862-9DD948B96BE2}.Release|Any CPU.Build.0 = Release|Any CPU
		{A533EFC7-B785-4687-B12E-75E7FE343F78}.Debug|Any CPU.ActiveCfg = Debug|Any CPU
		{A533EFC7-B785-4687-B12E-75E7FE343F78}.Debug|Any CPU.Build.0 = Debug|Any CPU
		{A533EFC7-B785-4687-B12E-75E7FE343F78}.Release|Any CPU.ActiveCfg = Release|Any CPU
		{A533EFC7-B785-4687-B12E-75E7FE343F78}.Release|Any CPU.Build.0 = Release|Any CPU
	EndGlobalSection
	GlobalSection(SolutionProperties) = preSolution
		HideSolutionNode = FALSE
	EndGlobalSection
	GlobalSection(ExtensibilityGlobals) = postSolution
		SolutionGuid = {4858059A-5199-48F1-AA99-7FCE42684826}
	EndGlobalSection
EndGlobal
